
Microsoft Visual Studio Solution File, Format Version 12.00
# Visual Studio Version 16
VisualStudioVersion = 16.0.31911.196
MinimumVisualStudioVersion = 10.0.40219.1
Project("{9A19103F-16F7-4668-BE54-9A1E7A4F7556}") = "TheWorkoutLibrary", "TheWorkoutLibrary\TheWorkoutLibrary.csproj", "{C0DA1DB4-AC2C-4611-B137-779BB07E5994}"
EndProject
Global
	GlobalSection(SolutionConfigurationPlatforms) = preSolution
		Debug|Any CPU = Debug|Any CPU
		Release|Any CPU = Release|Any CPU
	EndGlobalSection
	GlobalSection(ProjectConfigurationPlatforms) = postSolution
		{C0DA1DB4-AC2C-4611-B137-779BB07E5994}.Debug|Any CPU.ActiveCfg = Debug|Any CPU
		{C0DA1DB4-AC2C-4611-B137-779BB07E5994}.Debug|Any CPU.Build.0 = Debug|Any CPU
		{C0DA1DB4-AC2C-4611-B137-779BB07E5994}.Release|Any CPU.ActiveCfg = Release|Any CPU
		{C0DA1DB4-AC2C-4611-B137-779BB07E5994}.Release|Any CPU.Build.0 = Release|Any CPU
	EndGlobalSection
	GlobalSection(SolutionProperties) = preSolution
		HideSolutionNode = FALSE
	EndGlobalSection
	GlobalSection(ExtensibilityGlobals) = postSolution
		SolutionGuid = {F226331A-F892-47BD-8631-2E781D3B9D4A}
	EndGlobalSection
EndGlobal
